// !$*UTF8*$!
{
	archiveVersion = 1;
	classes = {
	};
	objectVersion = 77;
	objects = {

/* Begin PBXBuildFile section */
		10E7CE68E1706EB4A44E2435 /* TypelessCore in Frameworks */ = {isa = PBXBuildFile; productRef = F95664E71CD1BBEF13B0A623 /* TypelessCore */; };
		11F1E4AF37B042C50B123085 /* KeyboardViewController.swift in Sources */ = {isa = PBXBuildFile; fileRef = EE679EEE3D1B592BDB2575F3 /* KeyboardViewController.swift */; };
		13EFD688437B9302D44440DD /* MainView.swift in Sources */ = {isa = PBXBuildFile; fileRef = 210A74478C858A7A367C2CB2 /* MainView.swift */; };
		14B6870AE108A3F8FE9E738B /* TypelessCore in Frameworks */ = {isa = PBXBuildFile; productRef = 837BCAB508DE49771AD6E478 /* TypelessCore */; };
		175FD424CC8B140CC7E257AC /* AppGroupBridge.swift in Sources */ = {isa = PBXBuildFile; fileRef = F1C6FADA443E43D2F0DC52D5 /* AppGroupBridge.swift */; };
		1D5DDBD8FDFE6C7E7FE0A4C3 /* TypelessUI in Frameworks */ = {isa = PBXBuildFile; productRef = 2AA64A8E783C9FD7E0F49240 /* TypelessUI */; };
		1ECDA37615FB61056945E9F2 /* VoiceRecordingView.swift in Sources */ = {isa = PBXBuildFile; fileRef = 2AA94C54579B51AE4E016C68 /* VoiceRecordingView.swift */; };
		24F347E37A9B3035D7DC65DF /* CorrectionProviderResolver.swift in Sources */ = {isa = PBXBuildFile; fileRef = F1C85953B1B568898F15F7EC /* CorrectionProviderResolver.swift */; };
		41FB41B8DE6F0B05895B5B3D /* PinyinKeyboardView.swift in Sources */ = {isa = PBXBuildFile; fileRef = 9EF1AE1F72CBE9F7A2C9DC3D /* PinyinKeyboardView.swift */; };
		450926D9D69A1869B6D8C5A7 /* VoiceInputCoordinator.swift in Sources */ = {isa = PBXBuildFile; fileRef = 1531B09ACCDB79FC2FC49B15 /* VoiceInputCoordinator.swift */; };
		485A5FA1598EB0EBD7EF16A9 /* TypelessKeyboard.appex in Embed Foundation Extensions */ = {isa = PBXBuildFile; fileRef = C8F94BE75FB5B36078900C36 /* TypelessKeyboard.appex */; settings = {ATTRIBUTES = (RemoveHeadersOnCopy, ); }; };
		60DE7BB9335D038A2E034E58 /* TypelessApp.swift in Sources */ = {isa = PBXBuildFile; fileRef = 9B32B4BDA4CACE54CE4E6597 /* TypelessApp.swift */; };
		9684B1A49C2EA336C3F58D75 /* QWERTYKeyboardView.swift in Sources */ = {isa = PBXBuildFile; fileRef = 95F45DCBB07FB8AC442B59C6 /* QWERTYKeyboardView.swift */; };
		A41F66B3A885D3BFDF50C747 /* ProviderSettingsView.swift in Sources */ = {isa = PBXBuildFile; fileRef = 8CDFA00DF51DB7720485465F /* ProviderSettingsView.swift */; };
		B62A80AD64EE33EAC221B019 /* SettingsView.swift in Sources */ = {isa = PBXBuildFile; fileRef = 9D1E2B1AF62213AEC4E3E3B2 /* SettingsView.swift */; };
		C4318EC7D6BF3A395954D576 /* KeyboardView.swift in Sources */ = {isa = PBXBuildFile; fileRef = EFF3F0C51F7D8408BCE22D25 /* KeyboardView.swift */; };
		D9DCAA4B5B04307C67F52B2A /* TypelessUI in Frameworks */ = {isa = PBXBuildFile; productRef = 85729C9E5D64A46BD6B4F941 /* TypelessUI */; };
		E3A124F2305DBE71F95F3BA8 /* VoiceInputTrigger.swift in Sources */ = {isa = PBXBuildFile; fileRef = E57DE8832A3A6533E1094159 /* VoiceInputTrigger.swift */; };
/* End PBXBuildFile section */

/* Begin PBXContainerItemProxy section */
		8F5A25D421974D80FDC533BF /* PBXContainerItemProxy */ = {
			isa = PBXContainerItemProxy;
			containerPortal = F0F907060CCE95C43CAC3150 /* Project object */;
			proxyType = 1;
			remoteGlobalIDString = 909D014C6732287CA3A9ECBD;
			remoteInfo = TypelessKeyboard;
		};
/* End PBXContainerItemProxy section */

/* Begin PBXCopyFilesBuildPhase section */
		DA798D352BDBF0F5E37A9A94 /* Embed Foundation Extensions */ = {
			isa = PBXCopyFilesBuildPhase;
			buildActionMask = 2147483647;
			dstPath = "";
			dstSubfolderSpec = 13;
			files = (
				485A5FA1598EB0EBD7EF16A9 /* TypelessKeyboard.appex in Embed Foundation Extensions */,
			);
			name = "Embed Foundation Extensions";
			runOnlyForDeploymentPostprocessing = 0;
		};
/* End PBXCopyFilesBuildPhase section */

/* Begin PBXFileReference section */
		0485684911B260FD0E26A06F /* Info.plist */ = {isa = PBXFileReference; lastKnownFileType = text.plist; path = Info.plist; sourceTree = "<group>"; };
		1531B09ACCDB79FC2FC49B15 /* VoiceInputCoordinator.swift */ = {isa = PBXFileReference; lastKnownFileType = sourcecode.swift; path = VoiceInputCoordinator.swift; sourceTree = "<group>"; };
		210A74478C858A7A367C2CB2 /* MainView.swift */ = {isa = PBXFileReference; lastKnownFileType = sourcecode.swift; path = MainView.swift; sourceTree = "<group>"; };
		2AA94C54579B51AE4E016C68 /* VoiceRecordingView.swift */ = {isa = PBXFileReference; lastKnownFileType = sourcecode.swift; path = VoiceRecordingView.swift; sourceTree = "<group>"; };
		44A652EC8CEA1FBF04AD62E9 /* TypelessCore */ = {isa = PBXFileReference; lastKnownFileType = folder; name = TypelessCore; path = Packages/TypelessCore; sourceTree = SOURCE_ROOT; };
		8CDFA00DF51DB7720485465F /* ProviderSettingsView.swift */ = {isa = PBXFileReference; lastKnownFileType = sourcecode.swift; path = ProviderSettingsView.swift; sourceTree = "<group>"; };
		93EFACE50584A22C3B82A049 /* TypelessApp.entitlements */ = {isa = PBXFileReference; lastKnownFileType = text.plist.entitlements; path = TypelessApp.entitlements; sourceTree = "<group>"; };
		95F45DCBB07FB8AC442B59C6 /* QWERTYKeyboardView.swift */ = {isa = PBXFileReference; lastKnownFileType = sourcecode.swift; path = QWERTYKeyboardView.swift; sourceTree = "<group>"; };
		97E8653789D4163726FB455A /* TypelessApp.app */ = {isa = PBXFileReference; includeInIndex = 0; lastKnownFileType = wrapper.application; path = TypelessApp.app; sourceTree = BUILT_PRODUCTS_DIR; };
		9B32B4BDA4CACE54CE4E6597 /* TypelessApp.swift */ = {isa = PBXFileReference; lastKnownFileType = sourcecode.swift; path = TypelessApp.swift; sourceTree = "<group>"; };
		9D1E2B1AF62213AEC4E3E3B2 /* SettingsView.swift */ = {isa = PBXFileReference; lastKnownFileType = sourcecode.swift; path = SettingsView.swift; sourceTree = "<group>"; };
		9D2645297A65A50E8B0C26AB /* TypelessKeyboard.entitlements */ = {isa = PBXFileReference; lastKnownFileType = text.plist.entitlements; path = TypelessKeyboard.entitlements; sourceTree = "<group>"; };
		9EF1AE1F72CBE9F7A2C9DC3D /* PinyinKeyboardView.swift */ = {isa = PBXFileReference; lastKnownFileType = sourcecode.swift; path = PinyinKeyboardView.swift; sourceTree = "<group>"; };
		BF041E7BC5C505154B5F120E /* Info.plist */ = {isa = PBXFileReference; lastKnownFileType = text.plist; path = Info.plist; sourceTree = "<group>"; };
		C8F94BE75FB5B36078900C36 /* TypelessKeyboard.appex */ = {isa = PBXFileReference; includeInIndex = 0; lastKnownFileType = "wrapper.app-extension"; path = TypelessKeyboard.appex; sourceTree = BUILT_PRODUCTS_DIR; };
		E57DE8832A3A6533E1094159 /* VoiceInputTrigger.swift */ = {isa = PBXFileReference; lastKnownFileType = sourcecode.swift; path = VoiceInputTrigger.swift; sourceTree = "<group>"; };
		EE679EEE3D1B592BDB2575F3 /* KeyboardViewController.swift */ = {isa = PBXFileReference; lastKnownFileType = sourcecode.swift; path = KeyboardViewController.swift; sourceTree = "<group>"; };
		EFF3F0C51F7D8408BCE22D25 /* KeyboardView.swift */ = {isa = PBXFileReference; lastKnownFileType = sourcecode.swift; path = KeyboardView.swift; sourceTree = "<group>"; };
		F1C6FADA443E43D2F0DC52D5 /* AppGroupBridge.swift */ = {isa = PBXFileReference; lastKnownFileType = sourcecode.swift; path = AppGroupBridge.swift; sourceTree = "<group>"; };
		F1C85953B1B568898F15F7EC /* CorrectionProviderResolver.swift */ = {isa = PBXFileReference; lastKnownFileType = sourcecode.swift; path = CorrectionProviderResolver.swift; sourceTree = "<group>"; };
		F98B22D2B2B4E45F0D0EDE5F /* TypelessUI */ = {isa = PBXFileReference; lastKnownFileType = folder; name = TypelessUI; path = Packages/TypelessUI; sourceTree = SOURCE_ROOT; };
/* End PBXFileReference section */

/* Begin PBXFrameworksBuildPhase section */
		6CC21B11191555EB3F590639 /* Frameworks */ = {
			isa = PBXFrameworksBuildPhase;
			buildActionMask = 2147483647;
			files = (
				14B6870AE108A3F8FE9E738B /* TypelessCore in Frameworks */,
				D9DCAA4B5B04307C67F52B2A /* TypelessUI in Frameworks */,
			);
			runOnlyForDeploymentPostprocessing = 0;
		};
		E55A0997A38429A20E370327 /* Frameworks */ = {
			isa = PBXFrameworksBuildPhase;
			buildActionMask = 2147483647;
			files = (
				10E7CE68E1706EB4A44E2435 /* TypelessCore in Frameworks */,
				1D5DDBD8FDFE6C7E7FE0A4C3 /* TypelessUI in Frameworks */,
			);
			runOnlyForDeploymentPostprocessing = 0;
		};
/* End PBXFrameworksBuildPhase section */

/* Begin PBXGroup section */
		0889F08CE775EC585053FCE6 = {
			isa = PBXGroup;
			children = (
				453F048CC11F99963A58F0D9 /* iOS */,
				9216E7084D30409CD18CD00E /* Packages */,
				ACD9688D43CC7B6F10B44945 /* Products */,
			);
			sourceTree = "<group>";
		};
		2771196879E2366726D516F0 /* Services */ = {
			isa = PBXGroup;
			children = (
				F1C6FADA443E43D2F0DC52D5 /* AppGroupBridge.swift */,
				F1C85953B1B568898F15F7EC /* CorrectionProviderResolver.swift */,
				1531B09ACCDB79FC2FC49B15 /* VoiceInputCoordinator.swift */,
			);
			path = Services;
			sourceTree = "<group>";
		};
		453F048CC11F99963A58F0D9 /* iOS */ = {
			isa = PBXGroup;
			children = (
				D33E4E5103A488C295CEDF8A /* TypelessApp */,
				F904CB00D17444DD6400E8CC /* TypelessKeyboard */,
			);
			path = iOS;
			sourceTree = "<group>";
		};
		9216E7084D30409CD18CD00E /* Packages */ = {
			isa = PBXGroup;
			children = (
				44A652EC8CEA1FBF04AD62E9 /* TypelessCore */,
				F98B22D2B2B4E45F0D0EDE5F /* TypelessUI */,
			);
			path = Packages;
			sourceTree = "<group>";
		};
		ACD9688D43CC7B6F10B44945 /* Products */ = {
			isa = PBXGroup;
			children = (
				97E8653789D4163726FB455A /* TypelessApp.app */,
				C8F94BE75FB5B36078900C36 /* TypelessKeyboard.appex */,
			);
			name = Products;
			sourceTree = "<group>";
		};
		D33E4E5103A488C295CEDF8A /* TypelessApp */ = {
			isa = PBXGroup;
			children = (
				2771196879E2366726D516F0 /* Services */,
				DAC02EB566A8A084D099677B /* Views */,
				0485684911B260FD0E26A06F /* Info.plist */,
				93EFACE50584A22C3B82A049 /* TypelessApp.entitlements */,
				9B32B4BDA4CACE54CE4E6597 /* TypelessApp.swift */,
			);
			path = TypelessApp;
			sourceTree = "<group>";
		};
		DAC02EB566A8A084D099677B /* Views */ = {
			isa = PBXGroup;
			children = (
				210A74478C858A7A367C2CB2 /* MainView.swift */,
				8CDFA00DF51DB7720485465F /* ProviderSettingsView.swift */,
				9D1E2B1AF62213AEC4E3E3B2 /* SettingsView.swift */,
				2AA94C54579B51AE4E016C68 /* VoiceRecordingView.swift */,
			);
			path = Views;
			sourceTree = "<group>";
		};
		F904CB00D17444DD6400E8CC /* TypelessKeyboard */ = {
			isa = PBXGroup;
			children = (
				BF041E7BC5C505154B5F120E /* Info.plist */,
				EFF3F0C51F7D8408BCE22D25 /* KeyboardView.swift */,
				EE679EEE3D1B592BDB2575F3 /* KeyboardViewController.swift */,
				9EF1AE1F72CBE9F7A2C9DC3D /* PinyinKeyboardView.swift */,
				95F45DCBB07FB8AC442B59C6 /* QWERTYKeyboardView.swift */,
				9D2645297A65A50E8B0C26AB /* TypelessKeyboard.entitlements */,
				E57DE8832A3A6533E1094159 /* VoiceInputTrigger.swift */,
			);
			path = TypelessKeyboard;
			sourceTree = "<group>";
		};
/* End PBXGroup section */

/* Begin PBXNativeTarget section */
		785EB4E50F37FA15D298129C /* TypelessApp */ = {
			isa = PBXNativeTarget;
			buildConfigurationList = 0C79A12E15E01632A09971F2 /* Build configuration list for PBXNativeTarget "TypelessApp" */;
			buildPhases = (
				7B40A4CBE7174364AAA8CAE3 /* Sources */,
				E55A0997A38429A20E370327 /* Frameworks */,
				DA798D352BDBF0F5E37A9A94 /* Embed Foundation Extensions */,
			);
			buildRules = (
			);
			dependencies = (
				D4ADC7C63C29442D0F778786 /* PBXTargetDependency */,
			);
			name = TypelessApp;
			packageProductDependencies = (
				F95664E71CD1BBEF13B0A623 /* TypelessCore */,
				2AA64A8E783C9FD7E0F49240 /* TypelessUI */,
			);
			productName = TypelessApp;
			productReference = 97E8653789D4163726FB455A /* TypelessApp.app */;
			productType = "com.apple.product-type.application";
		};
		909D014C6732287CA3A9ECBD /* TypelessKeyboard */ = {
			isa = PBXNativeTarget;
			buildConfigurationList = 8BE7DDC31C3A128D357606FD /* Build configuration list for PBXNativeTarget "TypelessKeyboard" */;
			buildPhases = (
				86C7645F217A78B1B60424E7 /* Sources */,
				6CC21B11191555EB3F590639 /* Frameworks */,
			);
			buildRules = (
			);
			dependencies = (
			);
			name = TypelessKeyboard;
			packageProductDependencies = (
				837BCAB508DE49771AD6E478 /* TypelessCore */,
				85729C9E5D64A46BD6B4F941 /* TypelessUI */,
			);
			productName = TypelessKeyboard;
			productReference = C8F94BE75FB5B36078900C36 /* TypelessKeyboard.appex */;
			productType = "com.apple.product-type.app-extension";
		};
/* End PBXNativeTarget section */

/* Begin PBXProject section */
		F0F907060CCE95C43CAC3150 /* Project object */ = {
			isa = PBXProject;
			attributes = {
				BuildIndependentTargetsInParallel = YES;
				LastUpgradeCheck = 1600;
			};
			buildConfigurationList = 572306A51C119CD0E78D6EC8 /* Build configuration list for PBXProject "Typeless" */;
			compatibilityVersion = "Xcode 14.0";
			developmentRegion = en;
			hasScannedForEncodings = 0;
			knownRegions = (
				Base,
				en,
			);
			mainGroup = 0889F08CE775EC585053FCE6;
			minimizedProjectReferenceProxies = 1;
			packageReferences = (
				0056DD10C83F0627E2DDC3C8 /* XCLocalSwiftPackageReference "Packages/TypelessCore" */,
				7110FDDC59C576841A88D76D /* XCLocalSwiftPackageReference "Packages/TypelessUI" */,
			);
			preferredProjectObjectVersion = 77;
			projectDirPath = "";
			projectRoot = "";
			targets = (
				785EB4E50F37FA15D298129C /* TypelessApp */,
				909D014C6732287CA3A9ECBD /* TypelessKeyboard */,
			);
		};
/* End PBXProject section */

/* Begin PBXSourcesBuildPhase section */
		7B40A4CBE7174364AAA8CAE3 /* Sources */ = {
			isa = PBXSourcesBuildPhase;
			buildActionMask = 2147483647;
			files = (
				175FD424CC8B140CC7E257AC /* AppGroupBridge.swift in Sources */,
				24F347E37A9B3035D7DC65DF /* CorrectionProviderResolver.swift in Sources */,
				13EFD688437B9302D44440DD /* MainView.swift in Sources */,
				A41F66B3A885D3BFDF50C747 /* ProviderSettingsView.swift in Sources */,
				B62A80AD64EE33EAC221B019 /* SettingsView.swift in Sources */,
				60DE7BB9335D038A2E034E58 /* TypelessApp.swift in Sources */,
				450926D9D69A1869B6D8C5A7 /* VoiceInputCoordinator.swift in Sources */,
				1ECDA37615FB61056945E9F2 /* VoiceRecordingView.swift in Sources */,
			);
			runOnlyForDeploymentPostprocessing = 0;
		};
		86C7645F217A78B1B60424E7 /* Sources */ = {
			isa = PBXSourcesBuildPhase;
			buildActionMask = 2147483647;
			files = (
				C4318EC7D6BF3A395954D576 /* KeyboardView.swift in Sources */,
				11F1E4AF37B042C50B123085 /* KeyboardViewController.swift in Sources */,
				41FB41B8DE6F0B05895B5B3D /* PinyinKeyboardView.swift in Sources */,
				9684B1A49C2EA336C3F58D75 /* QWERTYKeyboardView.swift in Sources */,
				E3A124F2305DBE71F95F3BA8 /* VoiceInputTrigger.swift in Sources */,
			);
			runOnlyForDeploymentPostprocessing = 0;
		};
/* End PBXSourcesBuildPhase section */

/* Begin PBXTargetDependency section */
		D4ADC7C63C29442D0F778786 /* PBXTargetDependency */ = {
			isa = PBXTargetDependency;
			target = 909D014C6732287CA3A9ECBD /* TypelessKeyboard */;
			targetProxy = 8F5A25D421974D80FDC533BF /* PBXContainerItemProxy */;
		};
/* End PBXTargetDependency section */

/* Begin XCBuildConfiguration section */
		64DA68B5AB3695AEBC1E9E48 /* Release */ = {
			isa = XCBuildConfiguration;
			buildSettings = {
				CODE_SIGN_ENTITLEMENTS = iOS/TypelessKeyboard/TypelessKeyboard.entitlements;
				INFOPLIST_FILE = iOS/TypelessKeyboard/Info.plist;
				IPHONEOS_DEPLOYMENT_TARGET = 17.0;
				LD_RUNPATH_SEARCH_PATHS = (
					"$(inherited)",
					"@executable_path/Frameworks",
					"@executable_path/../../Frameworks",
				);
				PRODUCT_BUNDLE_IDENTIFIER = com.typeless.app.keyboard;
				SDKROOT = iphoneos;
				TARGETED_DEVICE_FAMILY = "1,2";
			};
			name = Release;
		};
		7F979D6F5B8383A16B344A03 /* Debug */ = {
			isa = XCBuildConfiguration;
			buildSettings = {
				CODE_SIGN_ENTITLEMENTS = iOS/TypelessKeyboard/TypelessKeyboard.entitlements;
				INFOPLIST_FILE = iOS/TypelessKeyboard/Info.plist;
				IPHONEOS_DEPLOYMENT_TARGET = 17.0;
				LD_RUNPATH_SEARCH_PATHS = (
					"$(inherited)",
					"@executable_path/Frameworks",
					"@executable_path/../../Frameworks",
				);
				PRODUCT_BUNDLE_IDENTIFIER = com.typeless.app.keyboard;
				SDKROOT = iphoneos;
				TARGETED_DEVICE_FAMILY = "1,2";
			};
			name = Debug;
		};
		85EB73E866B343C93654FD4D /* Release */ = {
			isa = XCBuildConfiguration;
			buildSettings = {
				ALWAYS_SEARCH_USER_PATHS = NO;
				CLANG_ANALYZER_NONNULL = YES;
				CLANG_ANALYZER_NUMBER_OBJECT_CONVERSION = YES_AGGRESSIVE;
				CLANG_CXX_LANGUAGE_STANDARD = "gnu++14";
				CLANG_CXX_LIBRARY = "libc++";
				CLANG_ENABLE_MODULES = YES;
				CLANG_ENABLE_OBJC_ARC = YES;
				CLANG_ENABLE_OBJC_WEAK = YES;
				CLANG_WARN_BLOCK_CAPTURE_AUTORELEASING = YES;
				CLANG_WARN_BOOL_CONVERSION = YES;
				CLANG_WARN_COMMA = YES;
				CLANG_WARN_CONSTANT_CONVERSION = YES;
				CLANG_WARN_DEPRECATED_OBJC_IMPLEMENTATIONS = YES;
				CLANG_WARN_DIRECT_OBJC_ISA_USAGE = YES_ERROR;
				CLANG_WARN_DOCUMENTATION_COMMENTS = YES;
				CLANG_WARN_EMPTY_BODY = YES;
				CLANG_WARN_ENUM_CONVERSION = YES;
				CLANG_WARN_INFINITE_RECURSION = YES;
				CLANG_WARN_INT_CONVERSION = YES;
				CLANG_WARN_NON_LITERAL_NULL_CONVERSION = YES;
				CLANG_WARN_OBJC_IMPLICIT_RETAIN_SELF = YES;
				CLANG_WARN_OBJC_LITERAL_CONVERSION = YES;
				CLANG_WARN_OBJC_ROOT_CLASS = YES_ERROR;
				CLANG_WARN_QUOTED_INCLUDE_IN_FRAMEWORK_HEADER = YES;
				CLANG_WARN_RANGE_LOOP_ANALYSIS = YES;
				CLANG_WARN_STRICT_PROTOTYPES = YES;
				CLANG_WARN_SUSPICIOUS_MOVE = YES;
				CLANG_WARN_UNGUARDED_AVAILABILITY = YES_AGGRESSIVE;
				CLANG_WARN_UNREACHABLE_CODE = YES;
				CLANG_WARN__DUPLICATE_METHOD_MATCH = YES;
				COPY_PHASE_STRIP = NO;
				CURRENT_PROJECT_VERSION = 1;
				DEBUG_INFORMATION_FORMAT = "dwarf-with-dsym";
				ENABLE_NS_ASSERTIONS = NO;
				ENABLE_STRICT_OBJC_MSGSEND = YES;
				GCC_C_LANGUAGE_STANDARD = gnu11;
				GCC_NO_COMMON_BLOCKS = YES;
				GCC_WARN_64_TO_32_BIT_CONVERSION = YES;
				GCC_WARN_ABOUT_RETURN_TYPE = YES_ERROR;
				GCC_WARN_UNDECLARED_SELECTOR = YES;
				GCC_WARN_UNINITIALIZED_AUTOS = YES_AGGRESSIVE;
				GCC_WARN_UNUSED_FUNCTION = YES;
				GCC_WARN_UNUSED_VARIABLE = YES;
				IPHONEOS_DEPLOYMENT_TARGET = 17.0;
				MACOSX_DEPLOYMENT_TARGET = 14.0;
				MARKETING_VERSION = 1.0.0;
				MTL_ENABLE_DEBUG_INFO = NO;
				MTL_FAST_MATH = YES;
				PRODUCT_NAME = "$(TARGET_NAME)";
				SDKROOT = iphoneos;
				SWIFT_COMPILATION_MODE = wholemodule;
				SWIFT_OPTIMIZATION_LEVEL = "-O";
				SWIFT_VERSION = 5.9;
			};
			name = Release;
		};
		A62E5463BC019F15F36492AE /* Debug */ = {
			isa = XCBuildConfiguration;
			buildSettings = {
				ASSETCATALOG_COMPILER_APPICON_NAME = AppIcon;
				CODE_SIGN_ENTITLEMENTS = iOS/TypelessApp/TypelessApp.entitlements;
				CODE_SIGN_IDENTITY = "iPhone Developer";
				INFOPLIST_FILE = iOS/TypelessApp/Info.plist;
				IPHONEOS_DEPLOYMENT_TARGET = 17.0;
				LD_RUNPATH_SEARCH_PATHS = (
					"$(inherited)",
					"@executable_path/Frameworks",
				);
				PRODUCT_BUNDLE_IDENTIFIER = com.typeless.app;
				SDKROOT = iphoneos;
				TARGETED_DEVICE_FAMILY = "1,2";
			};
			name = Debug;
		};
		BBFF3AC7386C73BA9373735F /* Debug */ = {
			isa = XCBuildConfiguration;
			buildSettings = {
				ALWAYS_SEARCH_USER_PATHS = NO;
				CLANG_ANALYZER_NONNULL = YES;
				CLANG_ANALYZER_NUMBER_OBJECT_CONVERSION = YES_AGGRESSIVE;
				CLANG_CXX_LANGUAGE_STANDARD = "gnu++14";
				CLANG_CXX_LIBRARY = "libc++";
				CLANG_ENABLE_MODULES = YES;
				CLANG_ENABLE_OBJC_ARC = YES;
				CLANG_ENABLE_OBJC_WEAK = YES;
				CLANG_WARN_BLOCK_CAPTURE_AUTORELEASING = YES;
				CLANG_WARN_BOOL_CONVERSION = YES;
				CLANG_WARN_COMMA = YES;
				CLANG_WARN_CONSTANT_CONVERSION = YES;
				CLANG_WARN_DEPRECATED_OBJC_IMPLEMENTATIONS = YES;
				CLANG_WARN_DIRECT_OBJC_ISA_USAGE = YES_ERROR;
				CLANG_WARN_DOCUMENTATION_COMMENTS = YES;
				CLANG_WARN_EMPTY_BODY = YES;
				CLANG_WARN_ENUM_CONVERSION = YES;
				CLANG_WARN_INFINITE_RECURSION = YES;
				CLANG_WARN_INT_CONVERSION = YES;
				CLANG_WARN_NON_LITERAL_NULL_CONVERSION = YES;
				CLANG_WARN_OBJC_IMPLICIT_RETAIN_SELF = YES;
				CLANG_WARN_OBJC_LITERAL_CONVERSION = YES;
				CLANG_WARN_OBJC_ROOT_CLASS = YES_ERROR;
				CLANG_WARN_QUOTED_INCLUDE_IN_FRAMEWORK_HEADER = YES;
				CLANG_WARN_RANGE_LOOP_ANALYSIS = YES;
				CLANG_WARN_STRICT_PROTOTYPES = YES;
				CLANG_WARN_SUSPICIOUS_MOVE = YES;
				CLANG_WARN_UNGUARDED_AVAILABILITY = YES_AGGRESSIVE;
				CLANG_WARN_UNREACHABLE_CODE = YES;
				CLANG_WARN__DUPLICATE_METHOD_MATCH = YES;
				COPY_PHASE_STRIP = NO;
				CURRENT_PROJECT_VERSION = 1;
				DEBUG_INFORMATION_FORMAT = dwarf;
				ENABLE_STRICT_OBJC_MSGSEND = YES;
				ENABLE_TESTABILITY = YES;
				GCC_C_LANGUAGE_STANDARD = gnu11;
				GCC_DYNAMIC_NO_PIC = NO;
				GCC_NO_COMMON_BLOCKS = YES;
				GCC_OPTIMIZATION_LEVEL = 0;
				GCC_PREPROCESSOR_DEFINITIONS = (
					"$(inherited)",
					"DEBUG=1",
				);
				GCC_WARN_64_TO_32_BIT_CONVERSION = YES;
				GCC_WARN_ABOUT_RETURN_TYPE = YES_ERROR;
				GCC_WARN_UNDECLARED_SELECTOR = YES;
				GCC_WARN_UNINITIALIZED_AUTOS = YES_AGGRESSIVE;
				GCC_WARN_UNUSED_FUNCTION = YES;
				GCC_WARN_UNUSED_VARIABLE = YES;
				IPHONEOS_DEPLOYMENT_TARGET = 17.0;
				MACOSX_DEPLOYMENT_TARGET = 14.0;
				MARKETING_VERSION = 1.0.0;
				MTL_ENABLE_DEBUG_INFO = INCLUDE_SOURCE;
				MTL_FAST_MATH = YES;
				ONLY_ACTIVE_ARCH = YES;
				PRODUCT_NAME = "$(TARGET_NAME)";
				SDKROOT = iphoneos;
				SWIFT_ACTIVE_COMPILATION_CONDITIONS = DEBUG;
				SWIFT_OPTIMIZATION_LEVEL = "-Onone";
				SWIFT_VERSION = 5.9;
			};
			name = Debug;
		};
		C1F80033FEBD6107A7AC7534 /* Release */ = {
			isa = XCBuildConfiguration;
			buildSettings = {
				ASSETCATALOG_COMPILER_APPICON_NAME = AppIcon;
				CODE_SIGN_ENTITLEMENTS = iOS/TypelessApp/TypelessApp.entitlements;
				CODE_SIGN_IDENTITY = "iPhone Developer";
				INFOPLIST_FILE = iOS/TypelessApp/Info.plist;
				IPHONEOS_DEPLOYMENT_TARGET = 17.0;
				LD_RUNPATH_SEARCH_PATHS = (
					"$(inherited)",
					"@executable_path/Frameworks",
				);
				PRODUCT_BUNDLE_IDENTIFIER = com.typeless.app;
				SDKROOT = iphoneos;
				TARGETED_DEVICE_FAMILY = "1,2";
			};
			name = Release;
		};
/* End XCBuildConfiguration section */

/* Begin XCConfigurationList section */
		0C79A12E15E01632A09971F2 /* Build configuration list for PBXNativeTarget "TypelessApp" */ = {
			isa = XCConfigurationList;
			buildConfigurations = (
				A62E5463BC019F15F36492AE /* Debug */,
				C1F80033FEBD6107A7AC7534 /* Release */,
			);
			defaultConfigurationIsVisible = 0;
			defaultConfigurationName = Debug;
		};
		572306A51C119CD0E78D6EC8 /* Build configuration list for PBXProject "Typeless" */ = {
			isa = XCConfigurationList;
			buildConfigurations = (
				BBFF3AC7386C73BA9373735F /* Debug */,
				85EB73E866B343C93654FD4D /* Release */,
			);
			defaultConfigurationIsVisible = 0;
			defaultConfigurationName = Debug;
		};
		8BE7DDC31C3A128D357606FD /* Build configuration list for PBXNativeTarget "TypelessKeyboard" */ = {
			isa = XCConfigurationList;
			buildConfigurations = (
				7F979D6F5B8383A16B344A03 /* Debug */,
				64DA68B5AB3695AEBC1E9E48 /* Release */,
			);
			defaultConfigurationIsVisible = 0;
			defaultConfigurationName = Debug;
		};
/* End XCConfigurationList section */

/* Begin XCLocalSwiftPackageReference section */
		0056DD10C83F0627E2DDC3C8 /* XCLocalSwiftPackageReference "Packages/TypelessCore" */ = {
			isa = XCLocalSwiftPackageReference;
			relativePath = Packages/TypelessCore;
		};
		7110FDDC59C576841A88D76D /* XCLocalSwiftPackageReference "Packages/TypelessUI" */ = {
			isa = XCLocalSwiftPackageReference;
			relativePath = Packages/TypelessUI;
		};
/* End XCLocalSwiftPackageReference section */

/* Begin XCSwiftPackageProductDependency section */
		2AA64A8E783C9FD7E0F49240 /* TypelessUI */ = {
			isa = XCSwiftPackageProductDependency;
			productName = TypelessUI;
		};
		837BCAB508DE49771AD6E478 /* TypelessCore */ = {
			isa = XCSwiftPackageProductDependency;
			productName = TypelessCore;
		};
		85729C9E5D64A46BD6B4F941 /* TypelessUI */ = {
			isa = XCSwiftPackageProductDependency;
			productName = TypelessUI;
		};
		F95664E71CD1BBEF13B0A623 /* TypelessCore */ = {
			isa = XCSwiftPackageProductDependency;
			productName = TypelessCore;
		};
/* End XCSwiftPackageProductDependency section */
	};
	rootObject = F0F907060CCE95C43CAC3150 /* Project object */;
}
