// !$*UTF8*$!
{
	archiveVersion = 1;
	classes = {
	};
	objectVersion = 63;
	objects = {

/* Begin PBXBuildFile section */
		A1F2B3C4D5E6078901234567 /* BackgroundDictationOverlay.swift in Sources */ = {isa = PBXBuildFile; fileRef = B2C3D4E5F6A7189012345678 /* BackgroundDictationOverlay.swift */; };
		0AC3F3FEBF51B9BDE9C35B3A /* PinyinKeyboardView.swift in Sources */ = {isa = PBXBuildFile; fileRef = 60E6B8DB8104A64E3D8931F0 /* PinyinKeyboardView.swift */; };
		0E1CF361506FDBC6977F7FB8 /* EchoMacApp.swift in Sources */ = {isa = PBXBuildFile; fileRef = 8B5AF036C9D5C75B90413509 /* EchoMacApp.swift */; };
		10F8176AAF7DB637CA4A03BE /* VoiceInputTrigger.swift in Sources */ = {isa = PBXBuildFile; fileRef = 2E4E62FF3DB13310FFFADD70 /* VoiceInputTrigger.swift */; };
		1872B4DFAB554C9997E31E24 /* AppState.swift in Sources */ = {isa = PBXBuildFile; fileRef = D50A37DAF9DBA3CEB933AB60 /* AppState.swift */; };
		1A6892B8AAB8962301A8A8A1 /* KeyboardView.swift in Sources */ = {isa = PBXBuildFile; fileRef = B74FF2D13840FEB0B9D4B8C0 /* KeyboardView.swift */; };
		21A497949D3F8E7F9F209890 /* MacAppSettings.swift in Sources */ = {isa = PBXBuildFile; fileRef = 1974A6AC1FD3675E75EEC60A /* MacAppSettings.swift */; };
		2358C6D12F12DD16EB745CBC /* SettingsWindowView.swift in Sources */ = {isa = PBXBuildFile; fileRef = 42504B6C26D7B81C526FDB02 /* SettingsWindowView.swift */; };
		2A24BB8AE06703073E04009B /* EchoAccountView.swift in Sources */ = {isa = PBXBuildFile; fileRef = 2BCB0395E05C1ED9A4EB7D32 /* EchoAccountView.swift */; };
		2EF23382A33F79244AEB6CFF /* MenuBarView.swift in Sources */ = {isa = PBXBuildFile; fileRef = 1270CDC299E1CD9305A864D7 /* MenuBarView.swift */; };
		2FC857A4412CAC825581F442 /* Assets.xcassets in Resources */ = {isa = PBXBuildFile; fileRef = 799BACD08CB0A8C664B60F3B /* Assets.xcassets */; };
		30F7F4510BA0848D04502CB7 /* Assets.xcassets in Resources */ = {isa = PBXBuildFile; fileRef = 6BD25056283CAB3E7823FAD8 /* Assets.xcassets */; };
		3140732AC99459957F325D1A /* MainView.swift in Sources */ = {isa = PBXBuildFile; fileRef = EECDB2C139B1C9F65F8A8489 /* MainView.swift */; };
		3589A49222134A282CCD8DDA /* PermissionManager.swift in Sources */ = {isa = PBXBuildFile; fileRef = EF814301D92D0CD87305E815 /* PermissionManager.swift */; };
		3717631E59F306FB18018CA8 /* EchoUI in Frameworks */ = {isa = PBXBuildFile; productRef = 3DD5EF0376E8CB567376C39A /* EchoUI */; };
		381FB14EA742C7B73E293E6D /* EchoUI in Frameworks */ = {isa = PBXBuildFile; productRef = B3C4F23A99A190826BCA60D6 /* EchoUI */; };
		493F18CBCF338BA34EF92895 /* SettingsView.swift in Sources */ = {isa = PBXBuildFile; fileRef = 44DAB73DB615073C7B1C28C0 /* SettingsView.swift */; };
		598F6284A347F6F095859587 /* VoiceRecordingView.swift in Sources */ = {isa = PBXBuildFile; fileRef = B1D0711E317A6CCA9CE1588D /* VoiceRecordingView.swift */; };
		6E350A4055D843637A415728 /* GoogleSignIn in Frameworks */ = {isa = PBXBuildFile; productRef = A0DA2872A72BF72396E321F6 /* GoogleSignIn */; };
		73ACE8EC6486BB35AFD6B57C /* EchoHomeView.swift in Sources */ = {isa = PBXBuildFile; fileRef = 3264015A559436A02F9AC5E0 /* EchoHomeView.swift */; };
		7418F19483BB1A45AC812A7F /* EchoCore in Frameworks */ = {isa = PBXBuildFile; productRef = 538AE37D67007EAAD16CF924 /* EchoCore */; };
		81A2C245C4E3A4B3307199BA /* GoogleSignIn in Frameworks */ = {isa = PBXBuildFile; productRef = 1311214EFC848804A558EF2B /* GoogleSignIn */; };
		83A123170B2A98E6EE53A632 /* EchoUI in Frameworks */ = {isa = PBXBuildFile; productRef = 8D9BAB967FB89433959C6184 /* EchoUI */; };
		8A95A44A8CDC9810DECF026E /* EchoApp.swift in Sources */ = {isa = PBXBuildFile; fileRef = A5375820652D8168755D4D38 /* EchoApp.swift */; };
		942DC18CBF6A2021933EFC22 /* VoiceInputCoordinator.swift in Sources */ = {isa = PBXBuildFile; fileRef = 89AEAA0B529E1924DF7C4F2A /* VoiceInputCoordinator.swift */; };
		9D8C2951E94F5DEC0909CE89 /* RecordingHistoryView.swift in Sources */ = {isa = PBXBuildFile; fileRef = 428E1139BCE059371A2BD55B /* RecordingHistoryView.swift */; };
		A1888FE29EA91D0B70DAC678 /* RecordingStore.swift in Sources */ = {isa = PBXBuildFile; fileRef = 18FAFEEAB045396D743202BE /* RecordingStore.swift */; };
		AA4AA646E99FB761C2977449 /* EchoCore in Frameworks */ = {isa = PBXBuildFile; productRef = 6D196D2D7A489907509E2F5F /* EchoCore */; };
		B2E19FD35E877EB2481D45C0 /* EchoHistoryView.swift in Sources */ = {isa = PBXBuildFile; fileRef = B944946A3A7E1647AD02E547 /* EchoHistoryView.swift */; };
		B9E38ECEE47B2795D20544FE /* PermissionSetupView.swift in Sources */ = {isa = PBXBuildFile; fileRef = B3A50E72BCA30D48B25E8AAC /* PermissionSetupView.swift */; };
		BE81099B9BFBB78DD9EB1A92 /* KeyboardViewController.swift in Sources */ = {isa = PBXBuildFile; fileRef = BF5E529F5F31297CD9227CBB /* KeyboardViewController.swift */; };
		C035F7DB1D12CB02CA5F154D /* GlobalHotkeyMonitor.swift in Sources */ = {isa = PBXBuildFile; fileRef = E6A9B9B8D8BBF478A2EF5652 /* GlobalHotkeyMonitor.swift */; };
		C09812D2C1A89CCEABBC8884 /* ProviderSettingsView.swift in Sources */ = {isa = PBXBuildFile; fileRef = 28020E5C5BC71F91ED51C488 /* ProviderSettingsView.swift */; };
		C96776AA0B15DD2E6BA3C094 /* QWERTYKeyboardView.swift in Sources */ = {isa = PBXBuildFile; fileRef = 9817A1951D2489ED15E2BA27 /* QWERTYKeyboardView.swift */; };
		CD7029AAC71901F1DA4FD9F5 /* AppDelegate.swift in Sources */ = {isa = PBXBuildFile; fileRef = 12F6289A1FB7905C60DFF09C /* AppDelegate.swift */; };
		D69CDA45080B3CF7AF5ED494 /* AppGroupBridge.swift in Sources */ = {isa = PBXBuildFile; fileRef = 2BCD9DEAE8F92647CA0ACC0F /* AppGroupBridge.swift */; };
		DCCA977FD4D6B2F06077D5C5 /* TextInserter.swift in Sources */ = {isa = PBXBuildFile; fileRef = 9E6435BE78E1B9870350657B /* TextInserter.swift */; };
		DD42E30AAA52ED59D2909B7A /* VoiceInputService.swift in Sources */ = {isa = PBXBuildFile; fileRef = 649DABD8990CCB215783B7DB /* VoiceInputService.swift */; };
		DDDC80671962D6A7709E121A /* EchoCore in Frameworks */ = {isa = PBXBuildFile; productRef = EC756744E589414D3ED72895 /* EchoCore */; };
		F0A486CDF8490A7B5BAA2B9C /* EchoKeyboard.appex in Embed Foundation Extensions */ = {isa = PBXBuildFile; fileRef = 316A6A48741F39BFAE952EAC /* EchoKeyboard.appex */; settings = {ATTRIBUTES = (RemoveHeadersOnCopy, ); }; };
		F1D3C45064947FCFD6630223 /* EchoDictionaryView.swift in Sources */ = {isa = PBXBuildFile; fileRef = C6C1E96CE3AFA65E0097698A /* EchoDictionaryView.swift */; };
/* End PBXBuildFile section */

/* Begin PBXContainerItemProxy section */
		8EB6D6CFAA5D12D6D64753BA /* PBXContainerItemProxy */ = {
			isa = PBXContainerItemProxy;
			containerPortal = 9789D7B1CA60C91C1D6BA189 /* Project object */;
			proxyType = 1;
			remoteGlobalIDString = 40675497E1E8EB0044625C3C;
			remoteInfo = EchoKeyboard;
		};
/* End PBXContainerItemProxy section */

/* Begin PBXCopyFilesBuildPhase section */
		AE1CBA5DF124D1861FB86AE1 /* Embed Foundation Extensions */ = {
			isa = PBXCopyFilesBuildPhase;
			buildActionMask = 2147483647;
			dstPath = "";
			dstSubfolderSpec = 13;
			files = (
				F0A486CDF8490A7B5BAA2B9C /* EchoKeyboard.appex in Embed Foundation Extensions */,
			);
			name = "Embed Foundation Extensions";
			runOnlyForDeploymentPostprocessing = 0;
		};
/* End PBXCopyFilesBuildPhase section */

/* Begin PBXFileReference section */
		B2C3D4E5F6A7189012345678 /* BackgroundDictationOverlay.swift */ = {isa = PBXFileReference; lastKnownFileType = sourcecode.swift; path = BackgroundDictationOverlay.swift; sourceTree = "<group>"; };
		11EDF5E1B0EE147540DC01C6 /* EchoMac.app */ = {isa = PBXFileReference; explicitFileType = wrapper.application; includeInIndex = 0; path = EchoMac.app; sourceTree = BUILT_PRODUCTS_DIR; };
		1270CDC299E1CD9305A864D7 /* MenuBarView.swift */ = {isa = PBXFileReference; lastKnownFileType = sourcecode.swift; path = MenuBarView.swift; sourceTree = "<group>"; };
		12F6289A1FB7905C60DFF09C /* AppDelegate.swift */ = {isa = PBXFileReference; lastKnownFileType = sourcecode.swift; path = AppDelegate.swift; sourceTree = "<group>"; };
		18FAFEEAB045396D743202BE /* RecordingStore.swift */ = {isa = PBXFileReference; lastKnownFileType = sourcecode.swift; path = RecordingStore.swift; sourceTree = "<group>"; };
		1974A6AC1FD3675E75EEC60A /* MacAppSettings.swift */ = {isa = PBXFileReference; lastKnownFileType = sourcecode.swift; path = MacAppSettings.swift; sourceTree = "<group>"; };
		1A952B6D3B52896898C442AA /* Info.plist */ = {isa = PBXFileReference; lastKnownFileType = text.plist; path = Info.plist; sourceTree = "<group>"; };
		28020E5C5BC71F91ED51C488 /* ProviderSettingsView.swift */ = {isa = PBXFileReference; lastKnownFileType = sourcecode.swift; path = ProviderSettingsView.swift; sourceTree = "<group>"; };
		2BCB0395E05C1ED9A4EB7D32 /* EchoAccountView.swift */ = {isa = PBXFileReference; lastKnownFileType = sourcecode.swift; path = EchoAccountView.swift; sourceTree = "<group>"; };
		2BCD9DEAE8F92647CA0ACC0F /* AppGroupBridge.swift */ = {isa = PBXFileReference; lastKnownFileType = sourcecode.swift; path = AppGroupBridge.swift; sourceTree = "<group>"; };
		2E4E62FF3DB13310FFFADD70 /* VoiceInputTrigger.swift */ = {isa = PBXFileReference; lastKnownFileType = sourcecode.swift; path = VoiceInputTrigger.swift; sourceTree = "<group>"; };
		316A6A48741F39BFAE952EAC /* EchoKeyboard.appex */ = {isa = PBXFileReference; explicitFileType = "wrapper.app-extension"; includeInIndex = 0; path = EchoKeyboard.appex; sourceTree = BUILT_PRODUCTS_DIR; };
		3264015A559436A02F9AC5E0 /* EchoHomeView.swift */ = {isa = PBXFileReference; lastKnownFileType = sourcecode.swift; path = EchoHomeView.swift; sourceTree = "<group>"; };
		3A46ADD2A184BAA35E1972A3 /* EchoApp.entitlements */ = {isa = PBXFileReference; lastKnownFileType = text.plist.entitlements; path = EchoApp.entitlements; sourceTree = "<group>"; };
		3B159DB9FC5EDFF798E7FDA9 /* EchoKeyboard.entitlements */ = {isa = PBXFileReference; lastKnownFileType = text.plist.entitlements; path = EchoKeyboard.entitlements; sourceTree = "<group>"; };
		3DE1CB16314C90B92C5EE838 /* EchoMac.entitlements */ = {isa = PBXFileReference; lastKnownFileType = text.plist.entitlements; path = EchoMac.entitlements; sourceTree = "<group>"; };
		42504B6C26D7B81C526FDB02 /* SettingsWindowView.swift */ = {isa = PBXFileReference; lastKnownFileType = sourcecode.swift; path = SettingsWindowView.swift; sourceTree = "<group>"; };
		428E1139BCE059371A2BD55B /* RecordingHistoryView.swift */ = {isa = PBXFileReference; lastKnownFileType = sourcecode.swift; path = RecordingHistoryView.swift; sourceTree = "<group>"; };
		44DAB73DB615073C7B1C28C0 /* SettingsView.swift */ = {isa = PBXFileReference; lastKnownFileType = sourcecode.swift; path = SettingsView.swift; sourceTree = "<group>"; };
		5D949C3AB54EA114F4019414 /* EchoApp.app */ = {isa = PBXFileReference; explicitFileType = wrapper.application; includeInIndex = 0; path = EchoApp.app; sourceTree = BUILT_PRODUCTS_DIR; };
		60E6B8DB8104A64E3D8931F0 /* PinyinKeyboardView.swift */ = {isa = PBXFileReference; lastKnownFileType = sourcecode.swift; path = PinyinKeyboardView.swift; sourceTree = "<group>"; };
		649DABD8990CCB215783B7DB /* VoiceInputService.swift */ = {isa = PBXFileReference; lastKnownFileType = sourcecode.swift; path = VoiceInputService.swift; sourceTree = "<group>"; };
		6BD25056283CAB3E7823FAD8 /* Assets.xcassets */ = {isa = PBXFileReference; lastKnownFileType = folder.assetcatalog; path = Assets.xcassets; sourceTree = "<group>"; };
		799BACD08CB0A8C664B60F3B /* Assets.xcassets */ = {isa = PBXFileReference; lastKnownFileType = folder.assetcatalog; path = Assets.xcassets; sourceTree = "<group>"; };
		89AEAA0B529E1924DF7C4F2A /* VoiceInputCoordinator.swift */ = {isa = PBXFileReference; lastKnownFileType = sourcecode.swift; path = VoiceInputCoordinator.swift; sourceTree = "<group>"; };
		8B5AF036C9D5C75B90413509 /* EchoMacApp.swift */ = {isa = PBXFileReference; lastKnownFileType = sourcecode.swift; path = EchoMacApp.swift; sourceTree = "<group>"; };
		9817A1951D2489ED15E2BA27 /* QWERTYKeyboardView.swift */ = {isa = PBXFileReference; lastKnownFileType = sourcecode.swift; path = QWERTYKeyboardView.swift; sourceTree = "<group>"; };
		9E6435BE78E1B9870350657B /* TextInserter.swift */ = {isa = PBXFileReference; lastKnownFileType = sourcecode.swift; path = TextInserter.swift; sourceTree = "<group>"; };
		A4DBF2A243983CB85FACE828 /* Info.plist */ = {isa = PBXFileReference; lastKnownFileType = text.plist; path = Info.plist; sourceTree = "<group>"; };
		A5375820652D8168755D4D38 /* EchoApp.swift */ = {isa = PBXFileReference; lastKnownFileType = sourcecode.swift; path = EchoApp.swift; sourceTree = "<group>"; };
		B1D0711E317A6CCA9CE1588D /* VoiceRecordingView.swift */ = {isa = PBXFileReference; lastKnownFileType = sourcecode.swift; path = VoiceRecordingView.swift; sourceTree = "<group>"; };
		B3A50E72BCA30D48B25E8AAC /* PermissionSetupView.swift */ = {isa = PBXFileReference; lastKnownFileType = sourcecode.swift; path = PermissionSetupView.swift; sourceTree = "<group>"; };
		B74FF2D13840FEB0B9D4B8C0 /* KeyboardView.swift */ = {isa = PBXFileReference; lastKnownFileType = sourcecode.swift; path = KeyboardView.swift; sourceTree = "<group>"; };
		B8C7415F2F8B62ABB04D18D1 /* EchoCore */ = {isa = PBXFileReference; lastKnownFileType = folder; name = EchoCore; path = Packages/EchoCore; sourceTree = SOURCE_ROOT; };
		B944946A3A7E1647AD02E547 /* EchoHistoryView.swift */ = {isa = PBXFileReference; lastKnownFileType = sourcecode.swift; path = EchoHistoryView.swift; sourceTree = "<group>"; };
		BE90F1F1A8170227D98AB44A /* Info.plist */ = {isa = PBXFileReference; lastKnownFileType = text.plist; path = Info.plist; sourceTree = "<group>"; };
		BF5E529F5F31297CD9227CBB /* KeyboardViewController.swift */ = {isa = PBXFileReference; lastKnownFileType = sourcecode.swift; path = KeyboardViewController.swift; sourceTree = "<group>"; };
		C6C1E96CE3AFA65E0097698A /* EchoDictionaryView.swift */ = {isa = PBXFileReference; lastKnownFileType = sourcecode.swift; path = EchoDictionaryView.swift; sourceTree = "<group>"; };
		CD93F30365B39C9519F93BE0 /* EchoUI */ = {isa = PBXFileReference; lastKnownFileType = folder; name = EchoUI; path = Packages/EchoUI; sourceTree = SOURCE_ROOT; };
		D50A37DAF9DBA3CEB933AB60 /* AppState.swift */ = {isa = PBXFileReference; lastKnownFileType = sourcecode.swift; path = AppState.swift; sourceTree = "<group>"; };
		E6A9B9B8D8BBF478A2EF5652 /* GlobalHotkeyMonitor.swift */ = {isa = PBXFileReference; lastKnownFileType = sourcecode.swift; path = GlobalHotkeyMonitor.swift; sourceTree = "<group>"; };
		EECDB2C139B1C9F65F8A8489 /* MainView.swift */ = {isa = PBXFileReference; lastKnownFileType = sourcecode.swift; path = MainView.swift; sourceTree = "<group>"; };
		EF814301D92D0CD87305E815 /* PermissionManager.swift */ = {isa = PBXFileReference; lastKnownFileType = sourcecode.swift; path = PermissionManager.swift; sourceTree = "<group>"; };
/* End PBXFileReference section */

/* Begin PBXFrameworksBuildPhase section */
		54BB7CEBCCAEDACAAA2B9B10 /* Frameworks */ = {
			isa = PBXFrameworksBuildPhase;
			buildActionMask = 2147483647;
			files = (
				DDDC80671962D6A7709E121A /* EchoCore in Frameworks */,
				381FB14EA742C7B73E293E6D /* EchoUI in Frameworks */,
			);
			runOnlyForDeploymentPostprocessing = 0;
		};
		55CF2028A9879C6395A3A34D /* Frameworks */ = {
			isa = PBXFrameworksBuildPhase;
			buildActionMask = 2147483647;
			files = (
				AA4AA646E99FB761C2977449 /* EchoCore in Frameworks */,
				83A123170B2A98E6EE53A632 /* EchoUI in Frameworks */,
				81A2C245C4E3A4B3307199BA /* GoogleSignIn in Frameworks */,
			);
			runOnlyForDeploymentPostprocessing = 0;
		};
		CC76AA2D402A566CC4D8A32A /* Frameworks */ = {
			isa = PBXFrameworksBuildPhase;
			buildActionMask = 2147483647;
			files = (
				7418F19483BB1A45AC812A7F /* EchoCore in Frameworks */,
				3717631E59F306FB18018CA8 /* EchoUI in Frameworks */,
				6E350A4055D843637A415728 /* GoogleSignIn in Frameworks */,
			);
			runOnlyForDeploymentPostprocessing = 0;
		};
/* End PBXFrameworksBuildPhase section */

/* Begin PBXGroup section */
		3A93B6F98941F7E80C49CDC4 /* Views */ = {
			isa = PBXGroup;
			children = (
				B2C3D4E5F6A7189012345678 /* BackgroundDictationOverlay.swift */,
				2BCB0395E05C1ED9A4EB7D32 /* EchoAccountView.swift */,
				C6C1E96CE3AFA65E0097698A /* EchoDictionaryView.swift */,
				B944946A3A7E1647AD02E547 /* EchoHistoryView.swift */,
				3264015A559436A02F9AC5E0 /* EchoHomeView.swift */,
				EECDB2C139B1C9F65F8A8489 /* MainView.swift */,
				28020E5C5BC71F91ED51C488 /* ProviderSettingsView.swift */,
				44DAB73DB615073C7B1C28C0 /* SettingsView.swift */,
				B1D0711E317A6CCA9CE1588D /* VoiceRecordingView.swift */,
			);
			path = Views;
			sourceTree = "<group>";
		};
		40C376BCC6D60B183BCE46EA /* EchoMac */ = {
			isa = PBXGroup;
			children = (
				56A9C5FD5A276D5BED71BEDA /* App */,
				6726F392411E04B306F9BA79 /* Services */,
				95EE42311CD71F4D83A15B12 /* Views */,
				799BACD08CB0A8C664B60F3B /* Assets.xcassets */,
				3DE1CB16314C90B92C5EE838 /* EchoMac.entitlements */,
				8B5AF036C9D5C75B90413509 /* EchoMacApp.swift */,
				BE90F1F1A8170227D98AB44A /* Info.plist */,
			);
			path = EchoMac;
			sourceTree = "<group>";
		};
		4120FED4DC9D689282FB39A4 = {
			isa = PBXGroup;
			children = (
				E8CF7D45ADAB1409556ECED7 /* iOS */,
				E75A63F517ADFD88BF651FEB /* macOS */,
				9794CFC36CF998818A1564B1 /* Packages */,
				D9F327EE657F7B4405B9E7FE /* Products */,
			);
			sourceTree = "<group>";
		};
		498DE04C7C34BDB51718AE3A /* Services */ = {
			isa = PBXGroup;
			children = (
				2BCD9DEAE8F92647CA0ACC0F /* AppGroupBridge.swift */,
				89AEAA0B529E1924DF7C4F2A /* VoiceInputCoordinator.swift */,
			);
			path = Services;
			sourceTree = "<group>";
		};
		56A9C5FD5A276D5BED71BEDA /* App */ = {
			isa = PBXGroup;
			children = (
				12F6289A1FB7905C60DFF09C /* AppDelegate.swift */,
				D50A37DAF9DBA3CEB933AB60 /* AppState.swift */,
			);
			path = App;
			sourceTree = "<group>";
		};
		6726F392411E04B306F9BA79 /* Services */ = {
			isa = PBXGroup;
			children = (
				E6A9B9B8D8BBF478A2EF5652 /* GlobalHotkeyMonitor.swift */,
				1974A6AC1FD3675E75EEC60A /* MacAppSettings.swift */,
				EF814301D92D0CD87305E815 /* PermissionManager.swift */,
				18FAFEEAB045396D743202BE /* RecordingStore.swift */,
				9E6435BE78E1B9870350657B /* TextInserter.swift */,
				649DABD8990CCB215783B7DB /* VoiceInputService.swift */,
			);
			path = Services;
			sourceTree = "<group>";
		};
		95EE42311CD71F4D83A15B12 /* Views */ = {
			isa = PBXGroup;
			children = (
				1270CDC299E1CD9305A864D7 /* MenuBarView.swift */,
				B3A50E72BCA30D48B25E8AAC /* PermissionSetupView.swift */,
				428E1139BCE059371A2BD55B /* RecordingHistoryView.swift */,
				42504B6C26D7B81C526FDB02 /* SettingsWindowView.swift */,
			);
			path = Views;
			sourceTree = "<group>";
		};
		9794CFC36CF998818A1564B1 /* Packages */ = {
			isa = PBXGroup;
			children = (
				B8C7415F2F8B62ABB04D18D1 /* EchoCore */,
				CD93F30365B39C9519F93BE0 /* EchoUI */,
			);
			path = Packages;
			sourceTree = "<group>";
		};
		ACF400F6E4F27162B5D03558 /* EchoApp */ = {
			isa = PBXGroup;
			children = (
				498DE04C7C34BDB51718AE3A /* Services */,
				3A93B6F98941F7E80C49CDC4 /* Views */,
				6BD25056283CAB3E7823FAD8 /* Assets.xcassets */,
				3A46ADD2A184BAA35E1972A3 /* EchoApp.entitlements */,
				A5375820652D8168755D4D38 /* EchoApp.swift */,
				A4DBF2A243983CB85FACE828 /* Info.plist */,
			);
			path = EchoApp;
			sourceTree = "<group>";
		};
		C344E85888191ADD8496E6DD /* EchoKeyboard */ = {
			isa = PBXGroup;
			children = (
				3B159DB9FC5EDFF798E7FDA9 /* EchoKeyboard.entitlements */,
				1A952B6D3B52896898C442AA /* Info.plist */,
				B74FF2D13840FEB0B9D4B8C0 /* KeyboardView.swift */,
				BF5E529F5F31297CD9227CBB /* KeyboardViewController.swift */,
				60E6B8DB8104A64E3D8931F0 /* PinyinKeyboardView.swift */,
				9817A1951D2489ED15E2BA27 /* QWERTYKeyboardView.swift */,
				2E4E62FF3DB13310FFFADD70 /* VoiceInputTrigger.swift */,
			);
			path = EchoKeyboard;
			sourceTree = "<group>";
		};
		D9F327EE657F7B4405B9E7FE /* Products */ = {
			isa = PBXGroup;
			children = (
				5D949C3AB54EA114F4019414 /* EchoApp.app */,
				316A6A48741F39BFAE952EAC /* EchoKeyboard.appex */,
				11EDF5E1B0EE147540DC01C6 /* EchoMac.app */,
			);
			name = Products;
			sourceTree = "<group>";
		};
		E75A63F517ADFD88BF651FEB /* macOS */ = {
			isa = PBXGroup;
			children = (
				40C376BCC6D60B183BCE46EA /* EchoMac */,
			);
			path = macOS;
			sourceTree = "<group>";
		};
		E8CF7D45ADAB1409556ECED7 /* iOS */ = {
			isa = PBXGroup;
			children = (
				ACF400F6E4F27162B5D03558 /* EchoApp */,
				C344E85888191ADD8496E6DD /* EchoKeyboard */,
			);
			path = iOS;
			sourceTree = "<group>";
		};
/* End PBXGroup section */

/* Begin PBXNativeTarget section */
		40675497E1E8EB0044625C3C /* EchoKeyboard */ = {
			isa = PBXNativeTarget;
			buildConfigurationList = 9F31874083D0D71865CA9618 /* Build configuration list for PBXNativeTarget "EchoKeyboard" */;
			buildPhases = (
				EB8FC4BE98C28CFF77F962BB /* Sources */,
				54BB7CEBCCAEDACAAA2B9B10 /* Frameworks */,
			);
			buildRules = (
			);
			dependencies = (
			);
			name = EchoKeyboard;
			packageProductDependencies = (
				EC756744E589414D3ED72895 /* EchoCore */,
				B3C4F23A99A190826BCA60D6 /* EchoUI */,
			);
			productName = EchoKeyboard;
			productReference = 316A6A48741F39BFAE952EAC /* EchoKeyboard.appex */;
			productType = "com.apple.product-type.app-extension";
		};
		5DDBE07F0CAB146B16894090 /* EchoApp */ = {
			isa = PBXNativeTarget;
			buildConfigurationList = BD0138230F17E37C5ADC93D9 /* Build configuration list for PBXNativeTarget "EchoApp" */;
			buildPhases = (
				20FD216887CCD1FCECC141D7 /* Sources */,
				5A1596F990C9A4C487002B14 /* Resources */,
				55CF2028A9879C6395A3A34D /* Frameworks */,
				AE1CBA5DF124D1861FB86AE1 /* Embed Foundation Extensions */,
			);
			buildRules = (
			);
			dependencies = (
				6AA822A3A96D64F328DDC964 /* PBXTargetDependency */,
			);
			name = EchoApp;
			packageProductDependencies = (
				6D196D2D7A489907509E2F5F /* EchoCore */,
				8D9BAB967FB89433959C6184 /* EchoUI */,
				1311214EFC848804A558EF2B /* GoogleSignIn */,
			);
			productName = EchoApp;
			productReference = 5D949C3AB54EA114F4019414 /* EchoApp.app */;
			productType = "com.apple.product-type.application";
		};
		B3329956549C2F8A92D0A105 /* EchoMac */ = {
			isa = PBXNativeTarget;
			buildConfigurationList = DB00A6A97809B6F7CD8D1CC7 /* Build configuration list for PBXNativeTarget "EchoMac" */;
			buildPhases = (
				C075FE69CF189166AF7D4E97 /* Sources */,
				CD21D83EFA6C48FD84AE509D /* Resources */,
				CC76AA2D402A566CC4D8A32A /* Frameworks */,
			);
			buildRules = (
			);
			dependencies = (
			);
			name = EchoMac;
			packageProductDependencies = (
				538AE37D67007EAAD16CF924 /* EchoCore */,
				3DD5EF0376E8CB567376C39A /* EchoUI */,
				A0DA2872A72BF72396E321F6 /* GoogleSignIn */,
			);
			productName = EchoMac;
			productReference = 11EDF5E1B0EE147540DC01C6 /* EchoMac.app */;
			productType = "com.apple.product-type.application";
		};
/* End PBXNativeTarget section */

/* Begin PBXProject section */
		9789D7B1CA60C91C1D6BA189 /* Project object */ = {
			isa = PBXProject;
			attributes = {
				BuildIndependentTargetsInParallel = YES;
				LastUpgradeCheck = 1600;
				TargetAttributes = {
					B3329956549C2F8A92D0A105 = {
						DevelopmentTeam = D7BK236H9B;
						ProvisioningStyle = Automatic;
					};
				};
			};
			buildConfigurationList = 695A447DDA3B057AF947A5BB /* Build configuration list for PBXProject "Echo" */;
			compatibilityVersion = "Xcode 14.0";
			developmentRegion = en;
			hasScannedForEncodings = 0;
			knownRegions = (
				Base,
				en,
			);
			mainGroup = 4120FED4DC9D689282FB39A4;
			minimizedProjectReferenceProxies = 1;
			packageReferences = (
				D3B8D12FAA72809C93E47161 /* XCRemoteSwiftPackageReference "GoogleSignIn-iOS" */,
				786DD5B6A3392D99E938D35E /* XCLocalSwiftPackageReference "Packages/EchoCore" */,
				5131C4151E47DFE8DC3DADF5 /* XCLocalSwiftPackageReference "Packages/EchoUI" */,
			);
			projectDirPath = "";
			projectRoot = "";
			targets = (
				5DDBE07F0CAB146B16894090 /* EchoApp */,
				40675497E1E8EB0044625C3C /* EchoKeyboard */,
				B3329956549C2F8A92D0A105 /* EchoMac */,
			);
		};
/* End PBXProject section */

/* Begin PBXResourcesBuildPhase section */
		5A1596F990C9A4C487002B14 /* Resources */ = {
			isa = PBXResourcesBuildPhase;
			buildActionMask = 2147483647;
			files = (
				30F7F4510BA0848D04502CB7 /* Assets.xcassets in Resources */,
			);
			runOnlyForDeploymentPostprocessing = 0;
		};
		CD21D83EFA6C48FD84AE509D /* Resources */ = {
			isa = PBXResourcesBuildPhase;
			buildActionMask = 2147483647;
			files = (
				2FC857A4412CAC825581F442 /* Assets.xcassets in Resources */,
			);
			runOnlyForDeploymentPostprocessing = 0;
		};
/* End PBXResourcesBuildPhase section */

/* Begin PBXSourcesBuildPhase section */
		20FD216887CCD1FCECC141D7 /* Sources */ = {
			isa = PBXSourcesBuildPhase;
			buildActionMask = 2147483647;
			files = (
				A1F2B3C4D5E6078901234567 /* BackgroundDictationOverlay.swift in Sources */,
				D69CDA45080B3CF7AF5ED494 /* AppGroupBridge.swift in Sources */,
				2A24BB8AE06703073E04009B /* EchoAccountView.swift in Sources */,
				8A95A44A8CDC9810DECF026E /* EchoApp.swift in Sources */,
				F1D3C45064947FCFD6630223 /* EchoDictionaryView.swift in Sources */,
				B2E19FD35E877EB2481D45C0 /* EchoHistoryView.swift in Sources */,
				73ACE8EC6486BB35AFD6B57C /* EchoHomeView.swift in Sources */,
				3140732AC99459957F325D1A /* MainView.swift in Sources */,
				C09812D2C1A89CCEABBC8884 /* ProviderSettingsView.swift in Sources */,
				493F18CBCF338BA34EF92895 /* SettingsView.swift in Sources */,
				942DC18CBF6A2021933EFC22 /* VoiceInputCoordinator.swift in Sources */,
				598F6284A347F6F095859587 /* VoiceRecordingView.swift in Sources */,
			);
			runOnlyForDeploymentPostprocessing = 0;
		};
		C075FE69CF189166AF7D4E97 /* Sources */ = {
			isa = PBXSourcesBuildPhase;
			buildActionMask = 2147483647;
			files = (
				CD7029AAC71901F1DA4FD9F5 /* AppDelegate.swift in Sources */,
				1872B4DFAB554C9997E31E24 /* AppState.swift in Sources */,
				0E1CF361506FDBC6977F7FB8 /* EchoMacApp.swift in Sources */,
				C035F7DB1D12CB02CA5F154D /* GlobalHotkeyMonitor.swift in Sources */,
				21A497949D3F8E7F9F209890 /* MacAppSettings.swift in Sources */,
				2EF23382A33F79244AEB6CFF /* MenuBarView.swift in Sources */,
				3589A49222134A282CCD8DDA /* PermissionManager.swift in Sources */,
				B9E38ECEE47B2795D20544FE /* PermissionSetupView.swift in Sources */,
				9D8C2951E94F5DEC0909CE89 /* RecordingHistoryView.swift in Sources */,
				A1888FE29EA91D0B70DAC678 /* RecordingStore.swift in Sources */,
				2358C6D12F12DD16EB745CBC /* SettingsWindowView.swift in Sources */,
				DCCA977FD4D6B2F06077D5C5 /* TextInserter.swift in Sources */,
				DD42E30AAA52ED59D2909B7A /* VoiceInputService.swift in Sources */,
			);
			runOnlyForDeploymentPostprocessing = 0;
		};
		EB8FC4BE98C28CFF77F962BB /* Sources */ = {
			isa = PBXSourcesBuildPhase;
			buildActionMask = 2147483647;
			files = (
				1A6892B8AAB8962301A8A8A1 /* KeyboardView.swift in Sources */,
				BE81099B9BFBB78DD9EB1A92 /* KeyboardViewController.swift in Sources */,
				0AC3F3FEBF51B9BDE9C35B3A /* PinyinKeyboardView.swift in Sources */,
				C96776AA0B15DD2E6BA3C094 /* QWERTYKeyboardView.swift in Sources */,
				10F8176AAF7DB637CA4A03BE /* VoiceInputTrigger.swift in Sources */,
			);
			runOnlyForDeploymentPostprocessing = 0;
		};
/* End PBXSourcesBuildPhase section */

/* Begin PBXTargetDependency section */
		6AA822A3A96D64F328DDC964 /* PBXTargetDependency */ = {
			isa = PBXTargetDependency;
			target = 40675497E1E8EB0044625C3C /* EchoKeyboard */;
			targetProxy = 8EB6D6CFAA5D12D6D64753BA /* PBXContainerItemProxy */;
		};
/* End PBXTargetDependency section */

/* Begin XCBuildConfiguration section */
		015798800CA39B16776B0214 /* Debug */ = {
			isa = XCBuildConfiguration;
			buildSettings = {
				CODE_SIGN_ENTITLEMENTS = iOS/EchoKeyboard/EchoKeyboard.entitlements;
				DEVELOPMENT_TEAM = D7BK236H9B;
				INFOPLIST_FILE = iOS/EchoKeyboard/Info.plist;
				IPHONEOS_DEPLOYMENT_TARGET = 17.0;
				LD_RUNPATH_SEARCH_PATHS = (
					"$(inherited)",
					"@executable_path/Frameworks",
					"@executable_path/../../Frameworks",
				);
				PRODUCT_BUNDLE_IDENTIFIER = com.xianggui.echo.app.keyboard;
				SDKROOT = iphoneos;
				TARGETED_DEVICE_FAMILY = "1,2";
			};
			name = Debug;
		};
		17139D9549E780F84309E04C /* Debug */ = {
			isa = XCBuildConfiguration;
			buildSettings = {
				ASSETCATALOG_COMPILER_APPICON_NAME = AppIcon;
				CODE_SIGN_ENTITLEMENTS = iOS/EchoApp/EchoApp.entitlements;
				CODE_SIGN_IDENTITY = "iPhone Developer";
				DEVELOPMENT_TEAM = D7BK236H9B;
				INFOPLIST_FILE = iOS/EchoApp/Info.plist;
				IPHONEOS_DEPLOYMENT_TARGET = 17.0;
				LD_RUNPATH_SEARCH_PATHS = (
					"$(inherited)",
					"@executable_path/Frameworks",
				);
				PRODUCT_BUNDLE_IDENTIFIER = com.xianggui.echo.app;
				SDKROOT = iphoneos;
				TARGETED_DEVICE_FAMILY = "1,2";
			};
			name = Debug;
		};
		39326341954EEE4E5AA410DE /* Release */ = {
			isa = XCBuildConfiguration;
			buildSettings = {
				ASSETCATALOG_COMPILER_APPICON_NAME = AppIcon;
				CODE_SIGN_ENTITLEMENTS = iOS/EchoApp/EchoApp.entitlements;
				CODE_SIGN_IDENTITY = "iPhone Developer";
				DEVELOPMENT_TEAM = D7BK236H9B;
				INFOPLIST_FILE = iOS/EchoApp/Info.plist;
				IPHONEOS_DEPLOYMENT_TARGET = 17.0;
				LD_RUNPATH_SEARCH_PATHS = (
					"$(inherited)",
					"@executable_path/Frameworks",
				);
				PRODUCT_BUNDLE_IDENTIFIER = com.xianggui.echo.app;
				SDKROOT = iphoneos;
				TARGETED_DEVICE_FAMILY = "1,2";
			};
			name = Release;
		};
		623F15192DBB8F558A93C736 /* Debug */ = {
			isa = XCBuildConfiguration;
			buildSettings = {
				ASSETCATALOG_COMPILER_APPICON_NAME = AppIcon;
				CODE_SIGN_ENTITLEMENTS = macOS/EchoMac/EchoMac.entitlements;
				CODE_SIGN_STYLE = Automatic;
				COMBINE_HIDPI_IMAGES = YES;
				DEVELOPMENT_TEAM = D7BK236H9B;
				ENABLE_HARDENED_RUNTIME = YES;
				INFOPLIST_FILE = macOS/EchoMac/Info.plist;
				LD_RUNPATH_SEARCH_PATHS = "@executable_path/../Frameworks";
				MACOSX_DEPLOYMENT_TARGET = 14.0;
				PRODUCT_BUNDLE_IDENTIFIER = com.xianggui.echo.mac;
				SDKROOT = macosx;
			};
			name = Debug;
		};
		6BE961D91643888E92089FC8 /* Release */ = {
			isa = XCBuildConfiguration;
			buildSettings = {
				ASSETCATALOG_COMPILER_APPICON_NAME = AppIcon;
				CODE_SIGN_ENTITLEMENTS = macOS/EchoMac/EchoMac.entitlements;
				CODE_SIGN_STYLE = Automatic;
				COMBINE_HIDPI_IMAGES = YES;
				DEVELOPMENT_TEAM = D7BK236H9B;
				ENABLE_HARDENED_RUNTIME = YES;
				INFOPLIST_FILE = macOS/EchoMac/Info.plist;
				LD_RUNPATH_SEARCH_PATHS = "@executable_path/../Frameworks";
				MACOSX_DEPLOYMENT_TARGET = 14.0;
				PRODUCT_BUNDLE_IDENTIFIER = com.xianggui.echo.mac;
				SDKROOT = macosx;
			};
			name = Release;
		};
		78143480A617381FED98D0E8 /* Release */ = {
			isa = XCBuildConfiguration;
			buildSettings = {
				CODE_SIGN_ENTITLEMENTS = iOS/EchoKeyboard/EchoKeyboard.entitlements;
				DEVELOPMENT_TEAM = D7BK236H9B;
				INFOPLIST_FILE = iOS/EchoKeyboard/Info.plist;
				IPHONEOS_DEPLOYMENT_TARGET = 17.0;
				LD_RUNPATH_SEARCH_PATHS = (
					"$(inherited)",
					"@executable_path/Frameworks",
					"@executable_path/../../Frameworks",
				);
				PRODUCT_BUNDLE_IDENTIFIER = com.xianggui.echo.app.keyboard;
				SDKROOT = iphoneos;
				TARGETED_DEVICE_FAMILY = "1,2";
			};
			name = Release;
		};
		796417D2F8EB8984479AACE2 /* Debug */ = {
			isa = XCBuildConfiguration;
			buildSettings = {
				ALWAYS_SEARCH_USER_PATHS = NO;
				CLANG_ANALYZER_NONNULL = YES;
				CLANG_ANALYZER_NUMBER_OBJECT_CONVERSION = YES_AGGRESSIVE;
				CLANG_CXX_LANGUAGE_STANDARD = "gnu++14";
				CLANG_CXX_LIBRARY = "libc++";
				CLANG_ENABLE_MODULES = YES;
				CLANG_ENABLE_OBJC_ARC = YES;
				CLANG_ENABLE_OBJC_WEAK = YES;
				CLANG_WARN_BLOCK_CAPTURE_AUTORELEASING = YES;
				CLANG_WARN_BOOL_CONVERSION = YES;
				CLANG_WARN_COMMA = YES;
				CLANG_WARN_CONSTANT_CONVERSION = YES;
				CLANG_WARN_DEPRECATED_OBJC_IMPLEMENTATIONS = YES;
				CLANG_WARN_DIRECT_OBJC_ISA_USAGE = YES_ERROR;
				CLANG_WARN_DOCUMENTATION_COMMENTS = YES;
				CLANG_WARN_EMPTY_BODY = YES;
				CLANG_WARN_ENUM_CONVERSION = YES;
				CLANG_WARN_INFINITE_RECURSION = YES;
				CLANG_WARN_INT_CONVERSION = YES;
				CLANG_WARN_NON_LITERAL_NULL_CONVERSION = YES;
				CLANG_WARN_OBJC_IMPLICIT_RETAIN_SELF = YES;
				CLANG_WARN_OBJC_LITERAL_CONVERSION = YES;
				CLANG_WARN_OBJC_ROOT_CLASS = YES_ERROR;
				CLANG_WARN_QUOTED_INCLUDE_IN_FRAMEWORK_HEADER = YES;
				CLANG_WARN_RANGE_LOOP_ANALYSIS = YES;
				CLANG_WARN_STRICT_PROTOTYPES = YES;
				CLANG_WARN_SUSPICIOUS_MOVE = YES;
				CLANG_WARN_UNGUARDED_AVAILABILITY = YES_AGGRESSIVE;
				CLANG_WARN_UNREACHABLE_CODE = YES;
				CLANG_WARN__DUPLICATE_METHOD_MATCH = YES;
				COPY_PHASE_STRIP = NO;
				CURRENT_PROJECT_VERSION = 3;
				DEBUG_INFORMATION_FORMAT = dwarf;
				ENABLE_STRICT_OBJC_MSGSEND = YES;
				ENABLE_TESTABILITY = YES;
				GCC_C_LANGUAGE_STANDARD = gnu11;
				GCC_DYNAMIC_NO_PIC = NO;
				GCC_NO_COMMON_BLOCKS = YES;
				GCC_OPTIMIZATION_LEVEL = 0;
				GCC_PREPROCESSOR_DEFINITIONS = (
					"$(inherited)",
					"DEBUG=1",
				);
				GCC_WARN_64_TO_32_BIT_CONVERSION = YES;
				GCC_WARN_ABOUT_RETURN_TYPE = YES_ERROR;
				GCC_WARN_UNDECLARED_SELECTOR = YES;
				GCC_WARN_UNINITIALIZED_AUTOS = YES_AGGRESSIVE;
				GCC_WARN_UNUSED_FUNCTION = YES;
				GCC_WARN_UNUSED_VARIABLE = YES;
				IPHONEOS_DEPLOYMENT_TARGET = 17.0;
				MACOSX_DEPLOYMENT_TARGET = 14.0;
				MARKETING_VERSION = 1.0.0;
				MTL_ENABLE_DEBUG_INFO = INCLUDE_SOURCE;
				MTL_FAST_MATH = YES;
				ONLY_ACTIVE_ARCH = YES;
				PRODUCT_NAME = "$(TARGET_NAME)";
				SWIFT_ACTIVE_COMPILATION_CONDITIONS = DEBUG;
				SWIFT_OPTIMIZATION_LEVEL = "-Onone";
				SWIFT_VERSION = 5.9;
			};
			name = Debug;
		};
		B3D63CCE8551D6CD08F5B621 /* Release */ = {
			isa = XCBuildConfiguration;
			buildSettings = {
				ALWAYS_SEARCH_USER_PATHS = NO;
				CLANG_ANALYZER_NONNULL = YES;
				CLANG_ANALYZER_NUMBER_OBJECT_CONVERSION = YES_AGGRESSIVE;
				CLANG_CXX_LANGUAGE_STANDARD = "gnu++14";
				CLANG_CXX_LIBRARY = "libc++";
				CLANG_ENABLE_MODULES = YES;
				CLANG_ENABLE_OBJC_ARC = YES;
				CLANG_ENABLE_OBJC_WEAK = YES;
				CLANG_WARN_BLOCK_CAPTURE_AUTORELEASING = YES;
				CLANG_WARN_BOOL_CONVERSION = YES;
				CLANG_WARN_COMMA = YES;
				CLANG_WARN_CONSTANT_CONVERSION = YES;
				CLANG_WARN_DEPRECATED_OBJC_IMPLEMENTATIONS = YES;
				CLANG_WARN_DIRECT_OBJC_ISA_USAGE = YES_ERROR;
				CLANG_WARN_DOCUMENTATION_COMMENTS = YES;
				CLANG_WARN_EMPTY_BODY = YES;
				CLANG_WARN_ENUM_CONVERSION = YES;
				CLANG_WARN_INFINITE_RECURSION = YES;
				CLANG_WARN_INT_CONVERSION = YES;
				CLANG_WARN_NON_LITERAL_NULL_CONVERSION = YES;
				CLANG_WARN_OBJC_IMPLICIT_RETAIN_SELF = YES;
				CLANG_WARN_OBJC_LITERAL_CONVERSION = YES;
				CLANG_WARN_OBJC_ROOT_CLASS = YES_ERROR;
				CLANG_WARN_QUOTED_INCLUDE_IN_FRAMEWORK_HEADER = YES;
				CLANG_WARN_RANGE_LOOP_ANALYSIS = YES;
				CLANG_WARN_STRICT_PROTOTYPES = YES;
				CLANG_WARN_SUSPICIOUS_MOVE = YES;
				CLANG_WARN_UNGUARDED_AVAILABILITY = YES_AGGRESSIVE;
				CLANG_WARN_UNREACHABLE_CODE = YES;
				CLANG_WARN__DUPLICATE_METHOD_MATCH = YES;
				COPY_PHASE_STRIP = NO;
				CURRENT_PROJECT_VERSION = 3;
				DEBUG_INFORMATION_FORMAT = "dwarf-with-dsym";
				ENABLE_NS_ASSERTIONS = NO;
				ENABLE_STRICT_OBJC_MSGSEND = YES;
				GCC_C_LANGUAGE_STANDARD = gnu11;
				GCC_NO_COMMON_BLOCKS = YES;
				GCC_WARN_64_TO_32_BIT_CONVERSION = YES;
				GCC_WARN_ABOUT_RETURN_TYPE = YES_ERROR;
				GCC_WARN_UNDECLARED_SELECTOR = YES;
				GCC_WARN_UNINITIALIZED_AUTOS = YES_AGGRESSIVE;
				GCC_WARN_UNUSED_FUNCTION = YES;
				GCC_WARN_UNUSED_VARIABLE = YES;
				IPHONEOS_DEPLOYMENT_TARGET = 17.0;
				MACOSX_DEPLOYMENT_TARGET = 14.0;
				MARKETING_VERSION = 1.0.0;
				MTL_ENABLE_DEBUG_INFO = NO;
				MTL_FAST_MATH = YES;
				PRODUCT_NAME = "$(TARGET_NAME)";
				SWIFT_COMPILATION_MODE = wholemodule;
				SWIFT_OPTIMIZATION_LEVEL = "-O";
				SWIFT_VERSION = 5.9;
			};
			name = Release;
		};
/* End XCBuildConfiguration section */

/* Begin XCConfigurationList section */
		695A447DDA3B057AF947A5BB /* Build configuration list for PBXProject "Echo" */ = {
			isa = XCConfigurationList;
			buildConfigurations = (
				796417D2F8EB8984479AACE2 /* Debug */,
				B3D63CCE8551D6CD08F5B621 /* Release */,
			);
			defaultConfigurationIsVisible = 0;
			defaultConfigurationName = Debug;
		};
		9F31874083D0D71865CA9618 /* Build configuration list for PBXNativeTarget "EchoKeyboard" */ = {
			isa = XCConfigurationList;
			buildConfigurations = (
				015798800CA39B16776B0214 /* Debug */,
				78143480A617381FED98D0E8 /* Release */,
			);
			defaultConfigurationIsVisible = 0;
			defaultConfigurationName = Debug;
		};
		BD0138230F17E37C5ADC93D9 /* Build configuration list for PBXNativeTarget "EchoApp" */ = {
			isa = XCConfigurationList;
			buildConfigurations = (
				17139D9549E780F84309E04C /* Debug */,
				39326341954EEE4E5AA410DE /* Release */,
			);
			defaultConfigurationIsVisible = 0;
			defaultConfigurationName = Debug;
		};
		DB00A6A97809B6F7CD8D1CC7 /* Build configuration list for PBXNativeTarget "EchoMac" */ = {
			isa = XCConfigurationList;
			buildConfigurations = (
				623F15192DBB8F558A93C736 /* Debug */,
				6BE961D91643888E92089FC8 /* Release */,
			);
			defaultConfigurationIsVisible = 0;
			defaultConfigurationName = Debug;
		};
/* End XCConfigurationList section */

/* Begin XCLocalSwiftPackageReference section */
		5131C4151E47DFE8DC3DADF5 /* XCLocalSwiftPackageReference "Packages/EchoUI" */ = {
			isa = XCLocalSwiftPackageReference;
			relativePath = Packages/EchoUI;
		};
		786DD5B6A3392D99E938D35E /* XCLocalSwiftPackageReference "Packages/EchoCore" */ = {
			isa = XCLocalSwiftPackageReference;
			relativePath = Packages/EchoCore;
		};
/* End XCLocalSwiftPackageReference section */

/* Begin XCRemoteSwiftPackageReference section */
		D3B8D12FAA72809C93E47161 /* XCRemoteSwiftPackageReference "GoogleSignIn-iOS" */ = {
			isa = XCRemoteSwiftPackageReference;
			repositoryURL = "https://github.com/google/GoogleSignIn-iOS";
			requirement = {
				kind = upToNextMajorVersion;
				minimumVersion = 7.1.0;
			};
		};
/* End XCRemoteSwiftPackageReference section */

/* Begin XCSwiftPackageProductDependency section */
		1311214EFC848804A558EF2B /* GoogleSignIn */ = {
			isa = XCSwiftPackageProductDependency;
			package = D3B8D12FAA72809C93E47161 /* XCRemoteSwiftPackageReference "GoogleSignIn-iOS" */;
			productName = GoogleSignIn;
		};
		3DD5EF0376E8CB567376C39A /* EchoUI */ = {
			isa = XCSwiftPackageProductDependency;
			productName = EchoUI;
		};
		538AE37D67007EAAD16CF924 /* EchoCore */ = {
			isa = XCSwiftPackageProductDependency;
			productName = EchoCore;
		};
		6D196D2D7A489907509E2F5F /* EchoCore */ = {
			isa = XCSwiftPackageProductDependency;
			productName = EchoCore;
		};
		8D9BAB967FB89433959C6184 /* EchoUI */ = {
			isa = XCSwiftPackageProductDependency;
			productName = EchoUI;
		};
		A0DA2872A72BF72396E321F6 /* GoogleSignIn */ = {
			isa = XCSwiftPackageProductDependency;
			package = D3B8D12FAA72809C93E47161 /* XCRemoteSwiftPackageReference "GoogleSignIn-iOS" */;
			productName = GoogleSignIn;
		};
		B3C4F23A99A190826BCA60D6 /* EchoUI */ = {
			isa = XCSwiftPackageProductDependency;
			productName = EchoUI;
		};
		EC756744E589414D3ED72895 /* EchoCore */ = {
			isa = XCSwiftPackageProductDependency;
			productName = EchoCore;
		};
/* End XCSwiftPackageProductDependency section */
	};
	rootObject = 9789D7B1CA60C91C1D6BA189 /* Project object */;
}
